
Microsoft Visual Studio Solution File, Format Version 12.00
# Visual Studio 15
VisualStudioVersion = 15.0.28307.1169
MinimumVisualStudioVersion = 10.0.40219.1
Project("{FAE04EC0-301F-11D3-BF4B-00C04F79EFBC}") = "BarcordProject", "BarcordProject\BarcordProject.csproj", "{81A50527-9AEF-47EF-8AC8-5DD0CA4F8318}"
EndProject
Global
	GlobalSection(SolutionConfigurationPlatforms) = preSolution
		Debug|Any CPU = Debug|Any CPU
		Release|Any CPU = Release|Any CPU
	EndGlobalSection
	GlobalSection(ProjectConfigurationPlatforms) = postSolution
		{81A50527-9AEF-47EF-8AC8-5DD0CA4F8318}.Debug|Any CPU.ActiveCfg = Debug|Any CPU
		{81A50527-9AEF-47EF-8AC8-5DD0CA4F8318}.Debug|Any CPU.Build.0 = Debug|Any CPU
		{81A50527-9AEF-47EF-8AC8-5DD0CA4F8318}.Release|Any CPU.ActiveCfg = Release|Any CPU
		{81A50527-9AEF-47EF-8AC8-5DD0CA4F8318}.Release|Any CPU.Build.0 = Release|Any CPU
	EndGlobalSection
	GlobalSection(SolutionProperties) = preSolution
		HideSolutionNode = FALSE
	EndGlobalSection
	GlobalSection(ExtensibilityGlobals) = postSolution
		SolutionGuid = {B167B0F0-3243-4CCA-A96B-FBFFF24F5ED9}
	EndGlobalSection
EndGlobal
